
Microsoft Visual Studio Solution File, Format Version 12.00
# Visual Studio 15
VisualStudioVersion = 15.0.28307.779
MinimumVisualStudioVersion = 10.0.40219.1
Project("{FAE04EC0-301F-11D3-BF4B-00C04F79EFBC}") = "TicketLibrary", "TicketLibrary\TicketLibrary.csproj", "{E84C34F2-4145-400B-845E-9A593BA0353D}"
EndProject
Project("{FAE04EC0-301F-11D3-BF4B-00C04F79EFBC}") = "TicketSystemTest", "TicketSystemTest\TicketSystemTest.csproj", "{065A66C4-3041-4E62-8B6D-8E6D80400453}"
EndProject
Global
	GlobalSection(SolutionConfigurationPlatforms) = preSolution
		Debug|Any CPU = Debug|Any CPU
		Release|Any CPU = Release|Any CPU
	EndGlobalSection
	GlobalSection(ProjectConfigurationPlatforms) = postSolution
		{E84C34F2-4145-400B-845E-9A593BA0353D}.Debug|Any CPU.ActiveCfg = Debug|Any CPU
		{E84C34F2-4145-400B-845E-9A593BA0353D}.Debug|Any CPU.Build.0 = Debug|Any CPU
		{E84C34F2-4145-400B-845E-9A593BA0353D}.Release|Any CPU.ActiveCfg = Release|Any CPU
		{E84C34F2-4145-400B-845E-9A593BA0353D}.Release|Any CPU.Build.0 = Release|Any CPU
		{065A66C4-3041-4E62-8B6D-8E6D80400453}.Debug|Any CPU.ActiveCfg = Debug|Any CPU
		{065A66C4-3041-4E62-8B6D-8E6D80400453}.Debug|Any CPU.Build.0 = Debug|Any CPU
		{065A66C4-3041-4E62-8B6D-8E6D80400453}.Release|Any CPU.ActiveCfg = Release|Any CPU
		{065A66C4-3041-4E62-8B6D-8E6D80400453}.Release|Any CPU.Build.0 = Release|Any CPU
	EndGlobalSection
	GlobalSection(SolutionProperties) = preSolution
		HideSolutionNode = FALSE
	EndGlobalSection
	GlobalSection(ExtensibilityGlobals) = postSolution
		SolutionGuid = {DB369C67-9400-4357-8DE2-2A4EE9D05B4E}
	EndGlobalSection
EndGlobal
